// !$*UTF8*$!
{
	archiveVersion = 1;
	classes = {
	};
	objectVersion = 38;
	objects = {
		034768DDFF38A45A11DB9C8B = {
			children = (
				F550918E036C35030130931B,
				9AA54B3C07F99AFF00A80065,
			);
			isa = PBXGroup;
			name = Products;
			path = "";
			refType = 4;
		};
//030
//031
//032
//033
//034
//080
//081
//082
//083
//084
		0867D690FE84028FC02AAC07 = {
			buildStyles = (
				4F0BB7EC011F40E904CA0E50,
				4F0BB7ED011F40E904CA0E50,
			);
			hasScannedForEncodings = 1;
			isa = PBXProject;
			mainGroup = 0867D691FE84028FC02AAC07;
			productRefGroup = 034768DDFF38A45A11DB9C8B;
			projectDirPath = "";
			targets = (
				F550918D036C35030130931B,
				9AA54B2707F99AFF00A80065,
			);
		};
		0867D691FE84028FC02AAC07 = {
			children = (
				9A8794B5078019DB00A80065,
				034768DDFF38A45A11DB9C8B,
				089C1665FE841158C02AAC07,
				0867D69AFE84028FC02AAC07,
			);
			isa = PBXGroup;
			name = MatsFramework;
			refType = 4;
		};
		0867D69AFE84028FC02AAC07 = {
			children = (
				08FB77AAFE841565C02AAC07,
				F5564883038142E001A4FCC0,
				9A578441043C3672009A6529,
				9A57846A043C3778009A6529,
				9A578465043C369F009A6529,
				9A57846C043C37A8009A6529,
			);
			isa = PBXGroup;
			name = "External Frameworks and Libraries";
			refType = 4;
		};
		089C1665FE841158C02AAC07 = {
			children = (
			);
			isa = PBXGroup;
			name = Resources;
			refType = 4;
		};
		08FB77AAFE841565C02AAC07 = {
			isa = PBXFrameworkReference;
			name = Carbon.framework;
			path = /System/Library/Frameworks/Carbon.framework;
			refType = 0;
		};
		08FB77ACFE841707C02AAC07 = {
			children = (
				9A56FF2807A234510091799F,
				9AF2FEBB079410DB00AB783C,
				9A017ED6079FCCE100A80065,
				9AA1ECEA077FF7CC00A80065,
				9A66FCF40978E3400086B7B8,
				9A5B17C7097BA957000B33B2,
				9AA1ECE8077FF7BF00A80065,
				9A66FCF20978D8050086B7B8,
				9A6265BF09C474B3009A2B1E,
				9A587F03098FA7870094E994,
				9A671A8F099DC683007AF773,
				9AB087D80A38001400A80065,
				9A5A2A920B45059700496554,
				9A58E5420796814B00FBE143,
				9AA0B6C407DD8C9900A80065,
				9AB6AB700B835DCD00A80002,
				9A5BCDA007E2D8B400B6FA03,
				9AA54B1507F999B200A80065,
				9A5BCD9E07E2D81600B6FA03,
				9A5B17C4097B9322000B33B2,
			);
			isa = PBXGroup;
			name = generic;
			path = "";
			refType = 4;
		};
//080
//081
//082
//083
//084
//4F0
//4F1
//4F2
//4F3
//4F4
		4F0BB7EC011F40E904CA0E50 = {
			buildRules = (
			);
			buildSettings = {
				COPY_PHASE_STRIP = NO;
				OPTIMIZATION_CFLAGS = "-O0";
			};
			isa = PBXBuildStyle;
			name = Development;
		};
		4F0BB7ED011F40E904CA0E50 = {
			buildRules = (
			);
			buildSettings = {
				COPY_PHASE_STRIP = YES;
				DEBUGGING_SYMBOLS = NO;
				OPTIMIZATION_CFLAGS = "-Os";
			};
			isa = PBXBuildStyle;
			name = Deployment;
		};
//4F0
//4F1
//4F2
//4F3
//4F4
//9A0
//9A1
//9A2
//9A3
//9A4
		9A017ED6079FCCE100A80065 = {
			fileEncoding = 4;
			indentWidth = 4;
			isa = PBXFileReference;
			name = tkPath.c;
			path = ../generic/tkPath.c;
			refType = 2;
			tabWidth = 4;
			usesTabs = 0;
		};
		9A017ED7079FCCE100A80065 = {
			fileRef = 9A017ED6079FCCE100A80065;
			isa = PBXBuildFile;
			settings = {
			};
		};
		9A49B81F07A7AA2F00A80065 = {
			fileEncoding = 4;
			indentWidth = 4;
			isa = PBXFileReference;
			name = tkUnixCairoPath.c;
			path = ../unix/tkUnixCairoPath.c;
			refType = 2;
			tabWidth = 4;
			usesTabs = 0;
		};
		9A49B82107A7AAD000A80065 = {
			fileEncoding = 4;
			isa = PBXFileReference;
			name = tkUnixLibartPath.c;
			path = ../unix/tkUnixLibartPath.c;
			refType = 2;
		};
		9A56FF2807A234510091799F = {
			fileEncoding = 4;
			isa = PBXFileReference;
			name = path.c;
			path = ../generic/path.c;
			refType = 2;
		};
		9A56FF2907A234510091799F = {
			fileRef = 9A56FF2807A234510091799F;
			isa = PBXBuildFile;
			settings = {
			};
		};
		9A578441043C3672009A6529 = {
			isa = PBXFrameworkReference;
			name = Tcl.framework;
			path = /Library/Frameworks/Tcl.framework;
			refType = 0;
		};
		9A578465043C369F009A6529 = {
			isa = PBXFrameworkReference;
			name = Tk.framework;
			path = /Library/Frameworks/Tk.framework;
			refType = 0;
		};
		9A57846A043C3778009A6529 = {
			isa = PBXFileReference;
			name = libtclstub8.4.a;
			path = /Library/Frameworks/Tcl.framework/libtclstub8.4.a;
			refType = 0;
		};
		9A57846B043C3778009A6529 = {
			fileRef = 9A57846A043C3778009A6529;
			isa = PBXBuildFile;
			settings = {
			};
		};
		9A57846C043C37A8009A6529 = {
			isa = PBXFileReference;
			name = libtkstub8.4.a;
			path = /Library/Frameworks/Tk.framework/libtkstub8.4.a;
			refType = 0;
		};
		9A57846D043C37A8009A6529 = {
			fileRef = 9A57846C043C37A8009A6529;
			isa = PBXBuildFile;
			settings = {
			};
		};
		9A57CB83042709AD000D8B82 = {
			buildActionMask = 8;
			files = (
			);
			generatedFileNames = (
			);
			isa = PBXShellScriptBuildPhase;
			neededFileNames = (
			);
			runOnlyForDeploymentPostprocessing = 1;
			shellPath = /bin/sh;
			shellScript = "# ensure we can overwrite a previous install\nif [ -d \"${INSTALL_ROOT}${INSTALL_PATH}\" ]; then\n    chmod -RH u+w \"${INSTALL_ROOT}${INSTALL_PATH}\"\nfi";
		};
		9A57CB84042709D4000D8B82 = {
			buildActionMask = 2147483647;
			files = (
			);
			generatedFileNames = (
			);
			isa = PBXShellScriptBuildPhase;
			neededFileNames = (
			);
			runOnlyForDeploymentPostprocessing = 0;
			shellPath = /bin/sh;
			shellScript = "/usr/bin/install -m 444 -g staff \"${SRCROOT}/pkgIndex.tcl\" \"${TARGET_BUILD_DIR}\"";
		};
		9A587F03098FA7870094E994 = {
			fileEncoding = 4;
			isa = PBXFileReference;
			name = tkCanvPline.c;
			path = ../generic/tkCanvPline.c;
			refType = 2;
		};
		9A587F04098FA7870094E994 = {
			fileRef = 9A587F03098FA7870094E994;
			isa = PBXBuildFile;
			settings = {
			};
		};
		9A587F05098FA7870094E994 = {
			fileRef = 9A587F03098FA7870094E994;
			isa = PBXBuildFile;
			settings = {
			};
		};
		9A58E5420796814B00FBE143 = {
			fileEncoding = 4;
			isa = PBXFileReference;
			name = tkPathGradients.c;
			path = ../generic/tkPathGradients.c;
			refType = 2;
		};
		9A58E5430796814B00FBE143 = {
			fileRef = 9A58E5420796814B00FBE143;
			isa = PBXBuildFile;
			settings = {
			};
		};
		9A5A2A920B45059700496554 = {
			fileEncoding = 30;
			isa = PBXFileReference;
			name = tkCanvPtext.c;
			path = ../generic/tkCanvPtext.c;
			refType = 2;
		};
		9A5A2A930B45059700496554 = {
			fileRef = 9A5A2A920B45059700496554;
			isa = PBXBuildFile;
			settings = {
			};
		};
		9A5A2A940B45059700496554 = {
			fileRef = 9A5A2A920B45059700496554;
			isa = PBXBuildFile;
			settings = {
			};
		};
		9A5B17C4097B9322000B33B2 = {
			fileEncoding = 4;
			isa = PBXFileReference;
			name = tkPathCopyTk.h;
			path = ../generic/tkPathCopyTk.h;
			refType = 2;
		};
		9A5B17C5097B9322000B33B2 = {
			fileRef = 9A5B17C4097B9322000B33B2;
			isa = PBXBuildFile;
			settings = {
			};
		};
		9A5B17C6097B9322000B33B2 = {
			fileRef = 9A5B17C4097B9322000B33B2;
			isa = PBXBuildFile;
			settings = {
			};
		};
		9A5B17C7097BA957000B33B2 = {
			fileEncoding = 4;
			isa = PBXFileReference;
			name = tkCanvPathUtil.c;
			path = ../generic/tkCanvPathUtil.c;
			refType = 2;
		};
		9A5B17C8097BA957000B33B2 = {
			fileRef = 9A5B17C7097BA957000B33B2;
			isa = PBXBuildFile;
			settings = {
			};
		};
		9A5B17C9097BA957000B33B2 = {
			fileRef = 9A5B17C7097BA957000B33B2;
			isa = PBXBuildFile;
			settings = {
			};
		};
		9A5BCD9E07E2D81600B6FA03 = {
			fileEncoding = 30;
			isa = PBXFileReference;
			name = tkPathCopyTk.c;
			path = ../generic/tkPathCopyTk.c;
			refType = 2;
		};
		9A5BCDA007E2D8B400B6FA03 = {
			fileEncoding = 4;
			indentWidth = 4;
			isa = PBXFileReference;
			name = tkPathUtil.c;
			path = ../generic/tkPathUtil.c;
			refType = 2;
			tabWidth = 4;
			usesTabs = 0;
		};
		9A5BCDA107E2D8B400B6FA03 = {
			fileRef = 9A5BCDA007E2D8B400B6FA03;
			isa = PBXBuildFile;
			settings = {
			};
		};
		9A6265BF09C474B3009A2B1E = {
			fileEncoding = 4;
			isa = PBXFileReference;
			name = tkCanvEllipse.c;
			path = ../generic/tkCanvEllipse.c;
			refType = 2;
		};
		9A6265C109C474B3009A2B1E = {
			fileRef = 9A6265BF09C474B3009A2B1E;
			isa = PBXBuildFile;
			settings = {
			};
		};
		9A66FCF20978D8050086B7B8 = {
			fileEncoding = 4;
			isa = PBXFileReference;
			name = tkCanvPrect.c;
			path = ../generic/tkCanvPrect.c;
			refType = 2;
		};
		9A66FCF30978D8050086B7B8 = {
			fileRef = 9A66FCF20978D8050086B7B8;
			isa = PBXBuildFile;
			settings = {
			};
		};
		9A66FCF40978E3400086B7B8 = {
			fileEncoding = 4;
			isa = PBXFileReference;
			name = tkCanvPathUtil.h;
			path = ../generic/tkCanvPathUtil.h;
			refType = 2;
		};
		9A66FCF50978E3400086B7B8 = {
			fileRef = 9A66FCF40978E3400086B7B8;
			isa = PBXBuildFile;
			settings = {
			};
		};
		9A66FCF60978E3400086B7B8 = {
			fileRef = 9A66FCF40978E3400086B7B8;
			isa = PBXBuildFile;
			settings = {
			};
		};
		9A671A8F099DC683007AF773 = {
			fileEncoding = 30;
			isa = PBXFileReference;
			name = tkCanvPimage.c;
			path = ../generic/tkCanvPimage.c;
			refType = 4;
		};
		9A671A90099DC683007AF773 = {
			fileRef = 9A671A8F099DC683007AF773;
			isa = PBXBuildFile;
			settings = {
			};
		};
		9A671A91099DC683007AF773 = {
			fileRef = 9A671A8F099DC683007AF773;
			isa = PBXBuildFile;
			settings = {
			};
		};
		9A6C4D7407AD01B100A80065 = {
			fileEncoding = 30;
			isa = PBXFileReference;
			lineEnding = 2;
			name = tkWinGDIPlusPath.cpp;
			path = ../win/tkWinGDIPlusPath.cpp;
			refType = 2;
		};
		9A8794B5078019DB00A80065 = {
			children = (
				08FB77ACFE841707C02AAC07,
				9A8794B6078019FB00A80065,
				9A8794B707801A0400A80065,
				9A8794BC07801A5D00A80065,
			);
			isa = PBXGroup;
			name = Source;
			refType = 4;
		};
		9A8794B6078019FB00A80065 = {
			children = (
				9AA1ECE6077FF68100A80065,
			);
			isa = PBXGroup;
			name = macosx;
			refType = 4;
		};
		9A8794B707801A0400A80065 = {
			children = (
				9A49B81F07A7AA2F00A80065,
				9A49B82107A7AAD000A80065,
			);
			isa = PBXGroup;
			name = unix;
			refType = 4;
		};
		9A8794BC07801A5D00A80065 = {
			children = (
				9A8794BD07801B3900A80065,
				9A6C4D7407AD01B100A80065,
			);
			isa = PBXGroup;
			name = windows;
			refType = 4;
		};
		9A8794BD07801B3900A80065 = {
			fileEncoding = 4;
			indentWidth = 4;
			isa = PBXFileReference;
			lineEnding = 2;
			name = tkWinGDIPath.c;
			path = ../win/tkWinGDIPath.c;
			refType = 2;
			tabWidth = 4;
			usesTabs = 0;
		};
		9A95DCE20980F5E900C25EDB = {
			fileRef = 9A66FCF20978D8050086B7B8;
			isa = PBXBuildFile;
			settings = {
			};
		};
		9A98808909C9595D00B844F8 = {
			fileRef = 9A6265BF09C474B3009A2B1E;
			isa = PBXBuildFile;
			settings = {
			};
		};
		9AA0B6C407DD8C9900A80065 = {
			fileEncoding = 4;
			isa = PBXFileReference;
			name = tkPathStyle.c;
			path = ../generic/tkPathStyle.c;
			refType = 2;
		};
		9AA0B6C507DD8C9900A80065 = {
			fileRef = 9AA0B6C407DD8C9900A80065;
			isa = PBXBuildFile;
			settings = {
			};
		};
		9AA1ECE6077FF68100A80065 = {
			fileEncoding = 4;
			indentWidth = 4;
			isa = PBXFileReference;
			path = tkMacOSXPath.c;
			refType = 2;
			tabWidth = 4;
			usesTabs = 0;
		};
		9AA1ECE7077FF68100A80065 = {
			fileRef = 9AA1ECE6077FF68100A80065;
			isa = PBXBuildFile;
			settings = {
			};
		};
		9AA1ECE8077FF7BF00A80065 = {
			fileEncoding = 30;
			indentWidth = 4;
			isa = PBXFileReference;
			name = tkCanvPath.c;
			path = ../generic/tkCanvPath.c;
			refType = 2;
			tabWidth = 4;
			usesTabs = 0;
		};
		9AA1ECE9077FF7BF00A80065 = {
			fileRef = 9AA1ECE8077FF7BF00A80065;
			isa = PBXBuildFile;
			settings = {
			};
		};
		9AA1ECEA077FF7CC00A80065 = {
			fileEncoding = 30;
			isa = PBXFileReference;
			name = tkIntPath.h;
			path = ../generic/tkIntPath.h;
			refType = 2;
		};
		9AA1ECEB077FF7CC00A80065 = {
			fileRef = 9AA1ECEA077FF7CC00A80065;
			isa = PBXBuildFile;
			settings = {
			};
		};
		9AA54B1507F999B200A80065 = {
			fileEncoding = 4;
			indentWidth = 4;
			isa = PBXFileReference;
			name = tkPathTkDraw.c;
			path = ../generic/tkPathTkDraw.c;
			refType = 2;
			tabWidth = 4;
			usesTabs = 0;
		};
		9AA54B2707F99AFF00A80065 = {
			buildPhases = (
				9AA54B2807F99AFF00A80065,
				9AA54B2907F99AFF00A80065,
				9AA54B2C07F99AFF00A80065,
				9AA54B3507F99AFF00A80065,
				9AA54B3A07F99AFF00A80065,
				9AA54B3B07F99AFF00A80065,
			);
			buildSettings = {
				CC = "/usr/bin/gcc-3.3";
				CPLUSPLUS = "/usr/bin/g++-3.3";
				DYLIB_COMPATIBILITY_VERSION = 3.1;
				DYLIB_CURRENT_VERSION = 3.1;
				EXPORTED_SYMBOLS_FILE = ./PBExportedSymbols;
				FRAMEWORK_SEARCH_PATHS = "";
				HEADER_SEARCH_PATHS = "\"$(LOCAL_LIBRARY_DIR)/Frameworks/Tcl.framework/Headers\" \"$(LOCAL_LIBRARY_DIR)/Frameworks/Tcl.framework/PrivateHeaders\" \"$(LOCAL_LIBRARY_DIR)/Frameworks/Tk.framework/Headers\" \"$(LOCAL_LIBRARY_DIR)/Frameworks/Tk.framework/PrivateHeaders\" /Users/matben/C/cvs/tk/generic";
				INSTALL_PATH = "/Library/Tcl/tkpath${DYLIB_COMPATIBILITY_VERSION}";
				LIBRARY_SEARCH_PATHS = "\"$(LOCAL_LIBRARY_DIR)/Frameworks/Tcl.framework\" \"$(LOCAL_LIBRARY_DIR)/Frameworks/Tk.framework\" \"$(LOCAL_LIBRARY_DIR)/Frameworks/Tk.framework/Headers/X11\"";
				LIBRARY_STYLE = DYNAMIC;
				OPTIMIZATION_CFLAGS = "-O0";
				OTHER_CFLAGS = "-DUSE_TCL_STUBS -DTARGET_OS_MAC=1 -DTARGET_API_MAC_CARBON=1 -DUSE_TK_STUBS -DMAC_OSX_TK -DUSE_COMPOSITELESS_PHOTO_PUT_BLOCK";
				OTHER_LDFLAGS = "";
				OTHER_LIBTOOL_FLAGS = "";
				OTHER_REZFLAGS = "";
				PRODUCT_NAME = tkpathtk0.2.4.dylib;
				REZ_EXECUTABLE = YES;
				SECTORDER_FLAGS = "";
				WARNING_CFLAGS = "-Wmost -Wno-four-char-constants -Wno-unknown-pragmas";
			};
			dependencies = (
			);
			isa = PBXLibraryTarget;
			name = "tkpath TkDraw dylib";
			productInstallPath = "/Library/Tcl/tkpath${DYLIB_COMPATIBILITY_VERSION}";
			productName = "MovableAlerts dylib";
			productReference = 9AA54B3C07F99AFF00A80065;
		};
		9AA54B2807F99AFF00A80065 = {
			buildActionMask = 8;
			files = (
			);
			generatedFileNames = (
			);
			isa = PBXShellScriptBuildPhase;
			neededFileNames = (
			);
			runOnlyForDeploymentPostprocessing = 1;
			shellPath = /bin/sh;
			shellScript = "# ensure we can overwrite a previous install\nif [ -d \"${INSTALL_ROOT}${INSTALL_PATH}\" ]; then\n    chmod -RH u+w \"${INSTALL_ROOT}${INSTALL_PATH}\"\nfi";
		};
		9AA54B2907F99AFF00A80065 = {
			buildActionMask = 2147483647;
			files = (
				9AA54B2A07F99AFF00A80065,
				9AA54B2B07F99AFF00A80065,
				9A66FCF60978E3400086B7B8,
				9A5B17C6097B9322000B33B2,
			);
			isa = PBXHeadersBuildPhase;
			runOnlyForDeploymentPostprocessing = 0;
		};
		9AA54B2A07F99AFF00A80065 = {
			fileRef = 9AA1ECEA077FF7CC00A80065;
			isa = PBXBuildFile;
			settings = {
			};
		};
		9AA54B2B07F99AFF00A80065 = {
			fileRef = 9AF2FEBB079410DB00AB783C;
			isa = PBXBuildFile;
			settings = {
			};
		};
		9AA54B2C07F99AFF00A80065 = {
			buildActionMask = 2147483647;
			files = (
				9AA54B2E07F99AFF00A80065,
				9AA54B2F07F99AFF00A80065,
				9AA54B3007F99AFF00A80065,
				9AA54B3107F99AFF00A80065,
				9AA54B3207F99AFF00A80065,
				9AA54B3307F99AFF00A80065,
				9AA54B3407F99AFF00A80065,
				9AA54B3D07F99B3600A80065,
				9A5B17C9097BA957000B33B2,
				9A95DCE20980F5E900C25EDB,
				9A587F05098FA7870094E994,
				9A671A91099DC683007AF773,
				9A6265C109C474B3009A2B1E,
				9AB087DA0A38001400A80065,
				9A5A2A940B45059700496554,
				9AB6AB720B835DCD00A80002,
			);
			isa = PBXSourcesBuildPhase;
			runOnlyForDeploymentPostprocessing = 0;
		};
		9AA54B2E07F99AFF00A80065 = {
			fileRef = 9AA1ECE8077FF7BF00A80065;
			isa = PBXBuildFile;
			settings = {
			};
		};
		9AA54B2F07F99AFF00A80065 = {
			fileRef = 9A58E5420796814B00FBE143;
			isa = PBXBuildFile;
			settings = {
			};
		};
		9AA54B3007F99AFF00A80065 = {
			fileRef = 9A017ED6079FCCE100A80065;
			isa = PBXBuildFile;
			settings = {
			};
		};
		9AA54B3107F99AFF00A80065 = {
			fileRef = 9A56FF2807A234510091799F;
			isa = PBXBuildFile;
			settings = {
			};
		};
		9AA54B3207F99AFF00A80065 = {
			fileRef = 9AA0B6C407DD8C9900A80065;
			isa = PBXBuildFile;
			settings = {
			};
		};
		9AA54B3307F99AFF00A80065 = {
			fileRef = 9A5BCDA007E2D8B400B6FA03;
			isa = PBXBuildFile;
			settings = {
			};
		};
		9AA54B3407F99AFF00A80065 = {
			fileRef = 9AA54B1507F999B200A80065;
			isa = PBXBuildFile;
			settings = {
			};
		};
		9AA54B3507F99AFF00A80065 = {
			buildActionMask = 2147483647;
			files = (
				9AA54B3607F99AFF00A80065,
				9AA54B3707F99AFF00A80065,
				9AA54B3807F99AFF00A80065,
				9AA54B3907F99AFF00A80065,
			);
			isa = PBXFrameworksBuildPhase;
			runOnlyForDeploymentPostprocessing = 0;
		};
		9AA54B3607F99AFF00A80065 = {
			fileRef = 08FB77AAFE841565C02AAC07;
			isa = PBXBuildFile;
			settings = {
			};
		};
		9AA54B3707F99AFF00A80065 = {
			fileRef = F5564883038142E001A4FCC0;
			isa = PBXBuildFile;
			settings = {
			};
		};
		9AA54B3807F99AFF00A80065 = {
			fileRef = 9A57846A043C3778009A6529;
			isa = PBXBuildFile;
			settings = {
			};
		};
		9AA54B3907F99AFF00A80065 = {
			fileRef = 9A57846C043C37A8009A6529;
			isa = PBXBuildFile;
			settings = {
			};
		};
		9AA54B3A07F99AFF00A80065 = {
			buildActionMask = 2147483647;
			files = (
			);
			isa = PBXRezBuildPhase;
			runOnlyForDeploymentPostprocessing = 0;
		};
		9AA54B3B07F99AFF00A80065 = {
			buildActionMask = 2147483647;
			files = (
			);
			generatedFileNames = (
			);
			isa = PBXShellScriptBuildPhase;
			neededFileNames = (
			);
			runOnlyForDeploymentPostprocessing = 0;
			shellPath = /bin/sh;
			shellScript = "/usr/bin/install -m 444 -g staff \"${SRCROOT}/pkgIndex.tcl\" \"${TARGET_BUILD_DIR}\"";
		};
		9AA54B3C07F99AFF00A80065 = {
			isa = PBXLibraryReference;
			path = tkpathtk0.2.4.dylib;
			refType = 3;
		};
		9AA54B3D07F99B3600A80065 = {
			fileRef = 9A5BCD9E07E2D81600B6FA03;
			isa = PBXBuildFile;
			settings = {
			};
		};
		9AA54B3E07F99B9900A80065 = {
			fileRef = 9A5BCD9E07E2D81600B6FA03;
			isa = PBXBuildFile;
			settings = {
			};
		};
		9AB087D80A38001400A80065 = {
			fileEncoding = 30;
			isa = PBXFileReference;
			name = tkCanvPpoly.c;
			path = ../generic/tkCanvPpoly.c;
			refType = 2;
		};
		9AB087D90A38001400A80065 = {
			fileRef = 9AB087D80A38001400A80065;
			isa = PBXBuildFile;
			settings = {
			};
		};
		9AB087DA0A38001400A80065 = {
			fileRef = 9AB087D80A38001400A80065;
			isa = PBXBuildFile;
			settings = {
			};
		};
		9AB6AB700B835DCD00A80002 = {
			fileEncoding = 4;
			isa = PBXFileReference;
			name = tkPathSurface.c;
			path = /Users/matben/C/cvs/tkpath/generic/tkPathSurface.c;
			refType = 0;
		};
		9AB6AB710B835DCD00A80002 = {
			fileRef = 9AB6AB700B835DCD00A80002;
			isa = PBXBuildFile;
			settings = {
			};
		};
		9AB6AB720B835DCD00A80002 = {
			fileRef = 9AB6AB700B835DCD00A80002;
			isa = PBXBuildFile;
			settings = {
			};
		};
		9AF2FEBB079410DB00AB783C = {
			fileEncoding = 30;
			isa = PBXFileReference;
			name = tkPath.h;
			path = ../generic/tkPath.h;
			refType = 2;
		};
		9AF2FEBC079410DB00AB783C = {
			fileRef = 9AF2FEBB079410DB00AB783C;
			isa = PBXBuildFile;
			settings = {
			};
		};
//9A0
//9A1
//9A2
//9A3
//9A4
//F50
//F51
//F52
//F53
//F54
		F5509189036C35030130931B = {
			buildActionMask = 2147483647;
			files = (
				9AA1ECEB077FF7CC00A80065,
				9AF2FEBC079410DB00AB783C,
				9A66FCF50978E3400086B7B8,
				9A5B17C5097B9322000B33B2,
			);
			isa = PBXHeadersBuildPhase;
			runOnlyForDeploymentPostprocessing = 0;
		};
		F550918A036C35030130931B = {
			buildActionMask = 2147483647;
			files = (
				9AA1ECE7077FF68100A80065,
				9AA1ECE9077FF7BF00A80065,
				9A58E5430796814B00FBE143,
				9A017ED7079FCCE100A80065,
				9A56FF2907A234510091799F,
				9AA0B6C507DD8C9900A80065,
				9A5BCDA107E2D8B400B6FA03,
				9AA54B3E07F99B9900A80065,
				9A66FCF30978D8050086B7B8,
				9A5B17C8097BA957000B33B2,
				9A587F04098FA7870094E994,
				9A671A90099DC683007AF773,
				9A98808909C9595D00B844F8,
				9AB087D90A38001400A80065,
				9A5A2A930B45059700496554,
				9AB6AB710B835DCD00A80002,
			);
			isa = PBXSourcesBuildPhase;
			runOnlyForDeploymentPostprocessing = 0;
		};
		F550918B036C35030130931B = {
			buildActionMask = 2147483647;
			files = (
				F5509190036C35B40130931B,
				F55648FE038142E001A4FCC0,
				9A57846B043C3778009A6529,
				9A57846D043C37A8009A6529,
			);
			isa = PBXFrameworksBuildPhase;
			runOnlyForDeploymentPostprocessing = 0;
		};
		F550918C036C35030130931B = {
			buildActionMask = 2147483647;
			files = (
			);
			isa = PBXRezBuildPhase;
			runOnlyForDeploymentPostprocessing = 0;
		};
		F550918D036C35030130931B = {
			buildPhases = (
				9A57CB83042709AD000D8B82,
				F5509189036C35030130931B,
				F550918A036C35030130931B,
				F550918B036C35030130931B,
				F550918C036C35030130931B,
				9A57CB84042709D4000D8B82,
			);
			buildSettings = {
				CC = "/usr/bin/gcc-3.3";
				CPLUSPLUS = "/usr/bin/g++-3.3";
				DYLIB_COMPATIBILITY_VERSION = 3.1;
				DYLIB_CURRENT_VERSION = 3.1;
				EXPORTED_SYMBOLS_FILE = ./PBExportedSymbols;
				FRAMEWORK_SEARCH_PATHS = "";
				HEADER_SEARCH_PATHS = "\"$(LOCAL_LIBRARY_DIR)/Frameworks/Tcl.framework/Headers\" \"$(LOCAL_LIBRARY_DIR)/Frameworks/Tcl.framework/PrivateHeaders\" \"$(LOCAL_LIBRARY_DIR)/Frameworks/Tk.framework/Headers\" \"$(LOCAL_LIBRARY_DIR)/Frameworks/Tk.framework/PrivateHeaders\" /Users/matben/C/cvs/tk/generic";
				INSTALL_PATH = "/Library/Tcl/tkpath${DYLIB_COMPATIBILITY_VERSION}";
				LIBRARY_SEARCH_PATHS = "\"$(LOCAL_LIBRARY_DIR)/Frameworks/Tcl.framework\" \"$(LOCAL_LIBRARY_DIR)/Frameworks/Tk.framework\" \"$(LOCAL_LIBRARY_DIR)/Frameworks/Tk.framework/Headers/X11\"";
				LIBRARY_STYLE = DYNAMIC;
				OPTIMIZATION_CFLAGS = "-O0";
				OTHER_CFLAGS = "-DUSE_TCL_STUBS -DTARGET_OS_MAC=1 -DTARGET_API_MAC_CARBON=1 -DUSE_TK_STUBS -DMAC_OSX_TK -DUSE_COMPOSITELESS_PHOTO_PUT_BLOCK";
				OTHER_LDFLAGS = "";
				OTHER_LIBTOOL_FLAGS = "";
				OTHER_REZFLAGS = "";
				PRODUCT_NAME = tkpath0.2.4.dylib;
				REZ_EXECUTABLE = YES;
				SECTORDER_FLAGS = "";
				WARNING_CFLAGS = "-Wmost -Wno-four-char-constants -Wno-unknown-pragmas";
			};
			dependencies = (
			);
			isa = PBXLibraryTarget;
			name = "tkpath dylib";
			productInstallPath = "/Library/Tcl/tkpath${DYLIB_COMPATIBILITY_VERSION}";
			productName = "MovableAlerts dylib";
			productReference = F550918E036C35030130931B;
		};
		F550918E036C35030130931B = {
			isa = PBXLibraryReference;
			path = tkpath0.2.4.dylib;
			refType = 3;
		};
		F5509190036C35B40130931B = {
			fileRef = 08FB77AAFE841565C02AAC07;
			isa = PBXBuildFile;
			settings = {
			};
		};
		F5564883038142E001A4FCC0 = {
			isa = PBXFrameworkReference;
			name = CoreServices.framework;
			path = /System/Library/Frameworks/CoreServices.framework;
			refType = 0;
		};
		F55648FE038142E001A4FCC0 = {
			fileRef = F5564883038142E001A4FCC0;
			isa = PBXBuildFile;
			settings = {
			};
		};
	};
	rootObject = 0867D690FE84028FC02AAC07;
}
